
Microsoft Visual Studio Solution File, Format Version 12.00
# Visual Studio Version 16
VisualStudioVersion = 16.0.30011.22
MinimumVisualStudioVersion = 10.0.40219.1
Project("{FAE04EC0-301F-11D3-BF4B-00C04F79EFBC}") = "Spencers QR Code Generator", "Spencers QR Code Generator.csproj", "{5401F379-9A4C-4BCB-AB11-7C1A32F0B812}"
EndProject
Global
	GlobalSection(SolutionConfigurationPlatforms) = preSolution
		Debug|Any CPU = Debug|Any CPU
		Release|Any CPU = Release|Any CPU
	EndGlobalSection
	GlobalSection(ProjectConfigurationPlatforms) = postSolution
		{5401F379-9A4C-4BCB-AB11-7C1A32F0B812}.Debug|Any CPU.ActiveCfg = Debug|Any CPU
		{5401F379-9A4C-4BCB-AB11-7C1A32F0B812}.Debug|Any CPU.Build.0 = Debug|Any CPU
		{5401F379-9A4C-4BCB-AB11-7C1A32F0B812}.Release|Any CPU.ActiveCfg = Release|Any CPU
		{5401F379-9A4C-4BCB-AB11-7C1A32F0B812}.Release|Any CPU.Build.0 = Release|Any CPU
	EndGlobalSection
	GlobalSection(SolutionProperties) = preSolution
		HideSolutionNode = FALSE
	EndGlobalSection
	GlobalSection(ExtensibilityGlobals) = postSolution
		SolutionGuid = {73ED11CF-1618-4A39-97BD-70893583DEB0}
	EndGlobalSection
EndGlobal
